
Microsoft Visual Studio Solution File, Format Version 12.00
# Visual Studio 2013
VisualStudioVersion = 12.0.31101.0
MinimumVisualStudioVersion = 10.0.40219.1
Project("{FAE04EC0-301F-11D3-BF4B-00C04F79EFBC}") = "jcccsustainability1", "jccc-sustainability1\jcccsustainability1.csproj", "{8755AFB2-5490-4D02-B4F2-6ABB771359A2}"
EndProject
Project("{E24C65DC-7377-472B-9ABA-BC803B73C61A}") = "DataEntry(1)", "http://localhost:53138", "{4553C3A4-FBD3-45F1-A336-E6BF6BCBAE76}"
	ProjectSection(WebsiteProperties) = preProject
		UseIISExpress = "true"
		TargetFrameworkMoniker = ".NETFramework,Version%3Dv4.5"
		Debug.AspNetCompiler.VirtualPath = "/localhost_53138"
		Debug.AspNetCompiler.PhysicalPath = "DataEntry\"
		Debug.AspNetCompiler.TargetPath = "PrecompiledWeb\localhost_53138\"
		Debug.AspNetCompiler.Updateable = "true"
		Debug.AspNetCompiler.ForceOverwrite = "true"
		Debug.AspNetCompiler.FixedNames = "false"
		Debug.AspNetCompiler.Debug = "True"
		Release.AspNetCompiler.VirtualPath = "/localhost_53138"
		Release.AspNetCompiler.PhysicalPath = "DataEntry\"
		Release.AspNetCompiler.TargetPath = "PrecompiledWeb\localhost_53138\"
		Release.AspNetCompiler.Updateable = "true"
		Release.AspNetCompiler.ForceOverwrite = "true"
		Release.AspNetCompiler.FixedNames = "false"
		Release.AspNetCompiler.Debug = "False"
		SlnRelativePath = "DataEntry\"
		DefaultWebSiteLanguage = "Visual C#"
	EndProjectSection
EndProject
Global
	GlobalSection(SolutionConfigurationPlatforms) = preSolution
		Debug|Any CPU = Debug|Any CPU
		Release|Any CPU = Release|Any CPU
	EndGlobalSection
	GlobalSection(ProjectConfigurationPlatforms) = postSolution
		{8755AFB2-5490-4D02-B4F2-6ABB771359A2}.Debug|Any CPU.ActiveCfg = Debug|Any CPU
		{8755AFB2-5490-4D02-B4F2-6ABB771359A2}.Debug|Any CPU.Build.0 = Debug|Any CPU
		{8755AFB2-5490-4D02-B4F2-6ABB771359A2}.Release|Any CPU.ActiveCfg = Release|Any CPU
		{8755AFB2-5490-4D02-B4F2-6ABB771359A2}.Release|Any CPU.Build.0 = Release|Any CPU
		{4553C3A4-FBD3-45F1-A336-E6BF6BCBAE76}.Debug|Any CPU.ActiveCfg = Debug|Any CPU
		{4553C3A4-FBD3-45F1-A336-E6BF6BCBAE76}.Debug|Any CPU.Build.0 = Debug|Any CPU
		{4553C3A4-FBD3-45F1-A336-E6BF6BCBAE76}.Release|Any CPU.ActiveCfg = Debug|Any CPU
		{4553C3A4-FBD3-45F1-A336-E6BF6BCBAE76}.Release|Any CPU.Build.0 = Debug|Any CPU
	EndGlobalSection
	GlobalSection(SolutionProperties) = preSolution
		HideSolutionNode = FALSE
	EndGlobalSection
EndGlobal
